
Microsoft Visual Studio Solution File, Format Version 11.00
# Visual Studio 2010
Project("{FAE04EC0-301F-11D3-BF4B-00C04F79EFBC}") = "Global", "Global.DLL\Global.csproj", "{C05E6DEB-32E7-463A-BDFA-45D6E53D79B7}"
EndProject
Project("{FAE04EC0-301F-11D3-BF4B-00C04F79EFBC}") = "Global.Test.Web", "Global.Test.Web\Global.Test.Web.csproj", "{3115D0D8-812C-44A4-B2CC-AA25C0C6B4BA}"
EndProject
Project("{FAE04EC0-301F-11D3-BF4B-00C04F79EFBC}") = "Global.Test.Console", "Global.Test.Console\Global.Test.Console.csproj", "{47106629-C760-4939-8E2A-F720AA75AD0A}"
EndProject
Global
	GlobalSection(SolutionConfigurationPlatforms) = preSolution
		Debug|Any CPU = Debug|Any CPU
		Debug|Mixed Platforms = Debug|Mixed Platforms
		Debug|x86 = Debug|x86
		Release|Any CPU = Release|Any CPU
		Release|Mixed Platforms = Release|Mixed Platforms
		Release|x86 = Release|x86
	EndGlobalSection
	GlobalSection(ProjectConfigurationPlatforms) = postSolution
		{C05E6DEB-32E7-463A-BDFA-45D6E53D79B7}.Debug|Any CPU.ActiveCfg = Debug|Any CPU
		{C05E6DEB-32E7-463A-BDFA-45D6E53D79B7}.Debug|Any CPU.Build.0 = Debug|Any CPU
		{C05E6DEB-32E7-463A-BDFA-45D6E53D79B7}.Debug|Mixed Platforms.ActiveCfg = Debug|Any CPU
		{C05E6DEB-32E7-463A-BDFA-45D6E53D79B7}.Debug|Mixed Platforms.Build.0 = Debug|Any CPU
		{C05E6DEB-32E7-463A-BDFA-45D6E53D79B7}.Debug|x86.ActiveCfg = Debug|Any CPU
		{C05E6DEB-32E7-463A-BDFA-45D6E53D79B7}.Release|Any CPU.ActiveCfg = Release|Any CPU
		{C05E6DEB-32E7-463A-BDFA-45D6E53D79B7}.Release|Any CPU.Build.0 = Release|Any CPU
		{C05E6DEB-32E7-463A-BDFA-45D6E53D79B7}.Release|Mixed Platforms.ActiveCfg = Release|Any CPU
		{C05E6DEB-32E7-463A-BDFA-45D6E53D79B7}.Release|Mixed Platforms.Build.0 = Release|Any CPU
		{C05E6DEB-32E7-463A-BDFA-45D6E53D79B7}.Release|x86.ActiveCfg = Release|Any CPU
		{3115D0D8-812C-44A4-B2CC-AA25C0C6B4BA}.Debug|Any CPU.ActiveCfg = Debug|Any CPU
		{3115D0D8-812C-44A4-B2CC-AA25C0C6B4BA}.Debug|Any CPU.Build.0 = Debug|Any CPU
		{3115D0D8-812C-44A4-B2CC-AA25C0C6B4BA}.Debug|Mixed Platforms.ActiveCfg = Debug|Any CPU
		{3115D0D8-812C-44A4-B2CC-AA25C0C6B4BA}.Debug|Mixed Platforms.Build.0 = Debug|Any CPU
		{3115D0D8-812C-44A4-B2CC-AA25C0C6B4BA}.Debug|x86.ActiveCfg = Debug|Any CPU
		{3115D0D8-812C-44A4-B2CC-AA25C0C6B4BA}.Release|Any CPU.ActiveCfg = Release|Any CPU
		{3115D0D8-812C-44A4-B2CC-AA25C0C6B4BA}.Release|Any CPU.Build.0 = Release|Any CPU
		{3115D0D8-812C-44A4-B2CC-AA25C0C6B4BA}.Release|Mixed Platforms.ActiveCfg = Release|Any CPU
		{3115D0D8-812C-44A4-B2CC-AA25C0C6B4BA}.Release|Mixed Platforms.Build.0 = Release|Any CPU
		{3115D0D8-812C-44A4-B2CC-AA25C0C6B4BA}.Release|x86.ActiveCfg = Release|Any CPU
		{47106629-C760-4939-8E2A-F720AA75AD0A}.Debug|Any CPU.ActiveCfg = Debug|x86
		{47106629-C760-4939-8E2A-F720AA75AD0A}.Debug|Mixed Platforms.ActiveCfg = Debug|x86
		{47106629-C760-4939-8E2A-F720AA75AD0A}.Debug|Mixed Platforms.Build.0 = Debug|x86
		{47106629-C760-4939-8E2A-F720AA75AD0A}.Debug|x86.ActiveCfg = Debug|x86
		{47106629-C760-4939-8E2A-F720AA75AD0A}.Debug|x86.Build.0 = Debug|x86
		{47106629-C760-4939-8E2A-F720AA75AD0A}.Release|Any CPU.ActiveCfg = Release|x86
		{47106629-C760-4939-8E2A-F720AA75AD0A}.Release|Mixed Platforms.ActiveCfg = Release|x86
		{47106629-C760-4939-8E2A-F720AA75AD0A}.Release|Mixed Platforms.Build.0 = Release|x86
		{47106629-C760-4939-8E2A-F720AA75AD0A}.Release|x86.ActiveCfg = Release|x86
		{47106629-C760-4939-8E2A-F720AA75AD0A}.Release|x86.Build.0 = Release|x86
	EndGlobalSection
	GlobalSection(SolutionProperties) = preSolution
		HideSolutionNode = FALSE
	EndGlobalSection
EndGlobal
